// !$*UTF8*$!
{
	archiveVersion = 1;
	classes = {
	};
	objectVersion = 48;
	objects = {

/* Begin PBXBuildFile section */
		501E3A681FD8715D0006AF6C /* AppDelegate.swift in Sources */ = {isa = PBXBuildFile; fileRef = 501E3A671FD8715D0006AF6C /* AppDelegate.swift */; };
		501E3A6D1FD8715D0006AF6C /* Main.storyboard in Resources */ = {isa = PBXBuildFile; fileRef = 501E3A6B1FD8715D0006AF6C /* Main.storyboard */; };
		501E3A701FD8715D0006AF6C /* Rate.xcdatamodeld in Sources */ = {isa = PBXBuildFile; fileRef = 501E3A6E1FD8715D0006AF6C /* Rate.xcdatamodeld */; };
		501E3A721FD8715D0006AF6C /* Assets.xcassets in Resources */ = {isa = PBXBuildFile; fileRef = 501E3A711FD8715D0006AF6C /* Assets.xcassets */; };
		501E3A751FD8715D0006AF6C /* LaunchScreen.storyboard in Resources */ = {isa = PBXBuildFile; fileRef = 501E3A731FD8715D0006AF6C /* LaunchScreen.storyboard */; };
/* End PBXBuildFile section */

/* Begin PBXFileReference section */
		501E3A641FD8715D0006AF6C /* Rate.app */ = {isa = PBXFileReference; explicitFileType = wrapper.application; includeInIndex = 0; path = Rate.app; sourceTree = BUILT_PRODUCTS_DIR; };
		501E3A671FD8715D0006AF6C /* AppDelegate.swift */ = {isa = PBXFileReference; lastKnownFileType = sourcecode.swift; path = AppDelegate.swift; sourceTree = "<group>"; };
		501E3A6C1FD8715D0006AF6C /* Base */ = {isa = PBXFileReference; lastKnownFileType = file.storyboard; name = Base; path = Base.lproj/Main.storyboard; sourceTree = "<group>"; };
		501E3A6F1FD8715D0006AF6C /* Rate.xcdatamodel */ = {isa = PBXFileReference; lastKnownFileType = wrapper.xcdatamodel; path = Rate.xcdatamodel; sourceTree = "<group>"; };
		501E3A711FD8715D0006AF6C /* Assets.xcassets */ = {isa = PBXFileReference; lastKnownFileType = folder.assetcatalog; path = Assets.xcassets; sourceTree = "<group>"; };
		501E3A741FD8715D0006AF6C /* Base */ = {isa = PBXFileReference; lastKnownFileType = file.storyboard; name = Base; path = Base.lproj/LaunchScreen.storyboard; sourceTree = "<group>"; };
		501E3A761FD8715D0006AF6C /* Info.plist */ = {isa = PBXFileReference; lastKnownFileType = text.plist.xml; path = Info.plist; sourceTree = "<group>"; };
/* End PBXFileReference section */

/* Begin PBXFrameworksBuildPhase section */
		501E3A611FD8715D0006AF6C /* Frameworks */ = {
			isa = PBXFrameworksBuildPhase;
			buildActionMask = 2147483647;
			files = (
			);
			runOnlyForDeploymentPostprocessing = 0;
		};
/* End PBXFrameworksBuildPhase section */

/* Begin PBXGroup section */
		501E3A5B1FD8715D0006AF6C = {
			isa = PBXGroup;
			children = (
				501E3A661FD8715D0006AF6C /* Rate */,
				501E3A651FD8715D0006AF6C /* Products */,
			);
			sourceTree = "<group>";
		};
		501E3A651FD8715D0006AF6C /* Products */ = {
			isa = PBXGroup;
			children = (
				501E3A641FD8715D0006AF6C /* Rate.app */,
			);
			name = Products;
			sourceTree = "<group>";
		};
		501E3A661FD8715D0006AF6C /* Rate */ = {
			isa = PBXGroup;
			children = (
				501E3A671FD8715D0006AF6C /* AppDelegate.swift */,
				501E3A6B1FD8715D0006AF6C /* Main.storyboard */,
				501E3A711FD8715D0006AF6C /* Assets.xcassets */,
				501E3A731FD8715D0006AF6C /* LaunchScreen.storyboard */,
				501E3A761FD8715D0006AF6C /* Info.plist */,
				501E3A6E1FD8715D0006AF6C /* Rate.xcdatamodeld */,
			);
			path = Rate;
			sourceTree = "<group>";
		};
/* End PBXGroup section */

/* Begin PBXNativeTarget section */
		501E3A631FD8715D0006AF6C /* Rate */ = {
			isa = PBXNativeTarget;
			buildConfigurationList = 501E3A791FD8715D0006AF6C /* Build configuration list for PBXNativeTarget "Rate" */;
			buildPhases = (
				501E3A601FD8715D0006AF6C /* Sources */,
				501E3A611FD8715D0006AF6C /* Frameworks */,
				501E3A621FD8715D0006AF6C /* Resources */,
			);
			buildRules = (
			);
			dependencies = (
			);
			name = Rate;
			productName = Rate;
			productReference = 501E3A641FD8715D0006AF6C /* Rate.app */;
			productType = "com.apple.product-type.application";
		};
/* End PBXNativeTarget section */

/* Begin PBXProject section */
		501E3A5C1FD8715D0006AF6C /* Project object */ = {
			isa = PBXProject;
			attributes = {
				LastSwiftUpdateCheck = 0910;
				LastUpgradeCheck = 0910;
				ORGANIZATIONNAME = Rate;
				TargetAttributes = {
					501E3A631FD8715D0006AF6C = {
						CreatedOnToolsVersion = 9.1;
						ProvisioningStyle = Automatic;
					};
				};
			};
			buildConfigurationList = 501E3A5F1FD8715D0006AF6C /* Build configuration list for PBXProject "Rate" */;
			compatibilityVersion = "Xcode 8.0";
			developmentRegion = en;
			hasScannedForEncodings = 0;
			knownRegions = (
				en,
				Base,
			);
			mainGroup = 501E3A5B1FD8715D0006AF6C;
			productRefGroup = 501E3A651FD8715D0006AF6C /* Products */;
			projectDirPath = "";
			projectRoot = "";
			targets = (
				501E3A631FD8715D0006AF6C /* Rate */,
			);
		};
/* End PBXProject section */

/* Begin PBXResourcesBuildPhase section */
		501E3A621FD8715D0006AF6C /* Resources */ = {
			isa = PBXResourcesBuildPhase;
			buildActionMask = 2147483647;
			files = (
				501E3A751FD8715D0006AF6C /* LaunchScreen.storyboard in Resources */,
				501E3A721FD8715D0006AF6C /* Assets.xcassets in Resources */,
				501E3A6D1FD8715D0006AF6C /* Main.storyboard in Resources */,
			);
			runOnlyForDeploymentPostprocessing = 0;
		};
/* End PBXResourcesBuildPhase section */

/* Begin PBXSourcesBuildPhase section */
		501E3A601FD8715D0006AF6C /* Sources */ = {
			isa = PBXSourcesBuildPhase;
			buildActionMask = 2147483647;
			files = (
				501E3A681FD8715D0006AF6C /* AppDelegate.swift in Sources */,
				501E3A701FD8715D0006AF6C /* Rate.xcdatamodeld in Sources */,
			);
			runOnlyForDeploymentPostprocessing = 0;
		};
/* End PBXSourcesBuildPhase section */

/* Begin PBXVariantGroup section */
		501E3A6B1FD8715D0006AF6C /* Main.storyboard */ = {
			isa = PBXVariantGroup;
			children = (
				501E3A6C1FD8715D0006AF6C /* Base */,
			);
			name = Main.storyboard;
			sourceTree = "<group>";
		};
		501E3A731FD8715D0006AF6C /* LaunchScreen.storyboard */ = {
			isa = PBXVariantGroup;
			children = (
				501E3A741FD8715D0006AF6C /* Base */,
			);
			name = LaunchScreen.storyboard;
			sourceTree = "<group>";
		};
/* End PBXVariantGroup section */

/* Begin XCBuildConfiguration section */
		501E3A771FD8715D0006AF6C /* Debug */ = {
			isa = XCBuildConfiguration;
			buildSettings = {
				ALWAYS_SEARCH_USER_PATHS = NO;
				CLANG_ANALYZER_NONNULL = YES;
				CLANG_ANALYZER_NUMBER_OBJECT_CONVERSION = YES_AGGRESSIVE;
				CLANG_CXX_LANGUAGE_STANDARD = "gnu++14";
				CLANG_CXX_LIBRARY = "libc++";
				CLANG_ENABLE_MODULES = YES;
				CLANG_ENABLE_OBJC_ARC = YES;
				CLANG_WARN_BLOCK_CAPTURE_AUTORELEASING = YES;
				CLANG_WARN_BOOL_CONVERSION = YES;
				CLANG_WARN_COMMA = YES;
				CLANG_WARN_CONSTANT_CONVERSION = YES;
				CLANG_WARN_DIRECT_OBJC_ISA_USAGE = YES_ERROR;
				CLANG_WARN_DOCUMENTATION_COMMENTS = YES;
				CLANG_WARN_EMPTY_BODY = YES;
				CLANG_WARN_ENUM_CONVERSION = YES;
				CLANG_WARN_INFINITE_RECURSION = YES;
				CLANG_WARN_INT_CONVERSION = YES;
				CLANG_WARN_NON_LITERAL_NULL_CONVERSION = YES;
				CLANG_WARN_OBJC_LITERAL_CONVERSION = YES;
				CLANG_WARN_OBJC_ROOT_CLASS = YES_ERROR;
				CLANG_WARN_RANGE_LOOP_ANALYSIS = YES;
				CLANG_WARN_STRICT_PROTOTYPES = YES;
				CLANG_WARN_SUSPICIOUS_MOVE = YES;
				CLANG_WARN_UNGUARDED_AVAILABILITY = YES_AGGRESSIVE;
				CLANG_WARN_UNREACHABLE_CODE = YES;
				CLANG_WARN__DUPLICATE_METHOD_MATCH = YES;
				CODE_SIGN_IDENTITY = "iPhone Developer";
				COPY_PHASE_STRIP = NO;
				DEBUG_INFORMATION_FORMAT = dwarf;
				ENABLE_STRICT_OBJC_MSGSEND = YES;
				ENABLE_TESTABILITY = YES;
				GCC_C_LANGUAGE_STANDARD = gnu11;
				GCC_DYNAMIC_NO_PIC = NO;
				GCC_NO_COMMON_BLOCKS = YES;
				GCC_OPTIMIZATION_LEVEL = 0;
				GCC_PREPROCESSOR_DEFINITIONS = (
					"DEBUG=1",
					"$(inherited)",
				);
				GCC_WARN_64_TO_32_BIT_CONVERSION = YES;
				GCC_WARN_ABOUT_RETURN_TYPE = YES_ERROR;
				GCC_WARN_UNDECLARED_SELECTOR = YES;
				GCC_WARN_UNINITIALIZED_AUTOS = YES_AGGRESSIVE;
				GCC_WARN_UNUSED_FUNCTION = YES;
				GCC_WARN_UNUSED_VARIABLE = YES;
				IPHONEOS_DEPLOYMENT_TARGET = 11.1;
				MTL_ENABLE_DEBUG_INFO = YES;
				ONLY_ACTIVE_ARCH = YES;
				SDKROOT = iphoneos;
				SWIFT_ACTIVE_COMPILATION_CONDITIONS = DEBUG;
				SWIFT_OPTIMIZATION_LEVEL = "-Onone";
			};
			name = Debug;
		};
		501E3A781FD8715D0006AF6C /* Release */ = {
			isa = XCBuildConfiguration;
			buildSettings = {
				ALWAYS_SEARCH_USER_PATHS = NO;
				CLANG_ANALYZER_NONNULL = YES;
				CLANG_ANALYZER_NUMBER_OBJECT_CONVERSION = YES_AGGRESSIVE;
				CLANG_CXX_LANGUAGE_STANDARD = "gnu++14";
				CLANG_CXX_LIBRARY = "libc++";
				CLANG_ENABLE_MODULES = YES;
				CLANG_ENABLE_OBJC_ARC = YES;
				CLANG_WARN_BLOCK_CAPTURE_AUTORELEASING = YES;
				CLANG_WARN_BOOL_CONVERSION = YES;
				CLANG_WARN_COMMA = YES;
				CLANG_WARN_CONSTANT_CONVERSION = YES;
				CLANG_WARN_DIRECT_OBJC_ISA_USAGE = YES_ERROR;
				CLANG_WARN_DOCUMENTATION_COMMENTS = YES;
				CLANG_WARN_EMPTY_BODY = YES;
				CLANG_WARN_ENUM_CONVERSION = YES;
				CLANG_WARN_INFINITE_RECURSION = YES;
				CLANG_WARN_INT_CONVERSION = YES;
				CLANG_WARN_NON_LITERAL_NULL_CONVERSION = YES;
				CLANG_WARN_OBJC_LITERAL_CONVERSION = YES;
				CLANG_WARN_OBJC_ROOT_CLASS = YES_ERROR;
				CLANG_WARN_RANGE_LOOP_ANALYSIS = YES;
				CLANG_WARN_STRICT_PROTOTYPES = YES;
				CLANG_WARN_SUSPICIOUS_MOVE = YES;
				CLANG_WARN_UNGUARDED_AVAILABILITY = YES_AGGRESSIVE;
				CLANG_WARN_UNREACHABLE_CODE = YES;
				CLANG_WARN__DUPLICATE_METHOD_MATCH = YES;
				CODE_SIGN_IDENTITY = "iPhone Developer";
				COPY_PHASE_STRIP = NO;
				DEBUG_INFORMATION_FORMAT = "dwarf-with-dsym";
				ENABLE_NS_ASSERTIONS = NO;
				ENABLE_STRICT_OBJC_MSGSEND = YES;
				GCC_C_LANGUAGE_STANDARD = gnu11;
				GCC_NO_COMMON_BLOCKS = YES;
				GCC_WARN_64_TO_32_BIT_CONVERSION = YES;
				GCC_WARN_ABOUT_RETURN_TYPE = YES_ERROR;
				GCC_WARN_UNDECLARED_SELECTOR = YES;
				GCC_WARN_UNINITIALIZED_AUTOS = YES_AGGRESSIVE;
				GCC_WARN_UNUSED_FUNCTION = YES;
				GCC_WARN_UNUSED_VARIABLE = YES;
				IPHONEOS_DEPLOYMENT_TARGET = 11.1;
				MTL_ENABLE_DEBUG_INFO = NO;
				SDKROOT = iphoneos;
				SWIFT_OPTIMIZATION_LEVEL = "-Owholemodule";
				VALIDATE_PRODUCT = YES;
			};
			name = Release;
		};
		501E3A7A1FD8715D0006AF6C /* Debug */ = {
			isa = XCBuildConfiguration;
			buildSettings = {
				ASSETCATALOG_COMPILER_APPICON_NAME = AppIcon;
				CODE_SIGN_STYLE = Automatic;
				DEVELOPMENT_TEAM = E6LPBMKNHK;
				INFOPLIST_FILE = Rate/Info.plist;
				LD_RUNPATH_SEARCH_PATHS = "$(inherited) @executable_path/Frameworks";
				PRODUCT_BUNDLE_IDENTIFIER = com.jsm.Rate;
				PRODUCT_NAME = "$(TARGET_NAME)";
				SWIFT_VERSION = 4.0;
				TARGETED_DEVICE_FAMILY = "1,2";
			};
			name = Debug;
		};
		501E3A7B1FD8715D0006AF6C /* Release */ = {
			isa = XCBuildConfiguration;
			buildSettings = {
				ASSETCATALOG_COMPILER_APPICON_NAME = AppIcon;
				CODE_SIGN_STYLE = Automatic;
				DEVELOPMENT_TEAM = E6LPBMKNHK;
				INFOPLIST_FILE = Rate/Info.plist;
				LD_RUNPATH_SEARCH_PATHS = "$(inherited) @executable_path/Frameworks";
				PRODUCT_BUNDLE_IDENTIFIER = com.jsm.Rate;
				PRODUCT_NAME = "$(TARGET_NAME)";
				SWIFT_VERSION = 4.0;
				TARGETED_DEVICE_FAMILY = "1,2";
			};
			name = Release;
		};
/* End XCBuildConfiguration section */

/* Begin XCConfigurationList section */
		501E3A5F1FD8715D0006AF6C /* Build configuration list for PBXProject "Rate" */ = {
			isa = XCConfigurationList;
			buildConfigurations = (
				501E3A771FD8715D0006AF6C /* Debug */,
				501E3A781FD8715D0006AF6C /* Release */,
			);
			defaultConfigurationIsVisible = 0;
			defaultConfigurationName = Release;
		};
		501E3A791FD8715D0006AF6C /* Build configuration list for PBXNativeTarget "Rate" */ = {
			isa = XCConfigurationList;
			buildConfigurations = (
				501E3A7A1FD8715D0006AF6C /* Debug */,
				501E3A7B1FD8715D0006AF6C /* Release */,
			);
			defaultConfigurationIsVisible = 0;
			defaultConfigurationName = Release;
		};
/* End XCConfigurationList section */

/* Begin XCVersionGroup section */
		501E3A6E1FD8715D0006AF6C /* Rate.xcdatamodeld */ = {
			isa = XCVersionGroup;
			children = (
				501E3A6F1FD8715D0006AF6C /* Rate.xcdatamodel */,
			);
			currentVersion = 501E3A6F1FD8715D0006AF6C /* Rate.xcdatamodel */;
			path = Rate.xcdatamodeld;
			sourceTree = "<group>";
			versionGroupType = wrapper.xcdatamodel;
		};
/* End XCVersionGroup section */
	};
	rootObject = 501E3A5C1FD8715D0006AF6C /* Project object */;
}
